
Microsoft Visual Studio Solution File, Format Version 12.00
Project("{FAE04EC0-301F-11D3-BF4B-00C04F79EFBC}") = "SpotifyRecommendations.Web", "src\SpotifyRecommendations.Web\SpotifyRecommendations.Web.csproj", "{7117BCB9-89CA-4E33-969C-4FBE223E5530}"
EndProject
Project("{2150E333-8FDC-42A3-9474-1A3956D46DE8}") = "src", "src", "{27F08B91-6F08-4DA2-AD81-3C1096D27BB2}"
EndProject
Project("{2150E333-8FDC-42A3-9474-1A3956D46DE8}") = "tests", "tests", "{B4E2D03D-61D1-4139-A5D5-2B7044A9555C}"
EndProject
Global
	GlobalSection(SolutionConfigurationPlatforms) = preSolution
		Debug|Any CPU = Debug|Any CPU
		Release|Any CPU = Release|Any CPU
	EndGlobalSection
	GlobalSection(ProjectConfigurationPlatforms) = postSolution
		{7117BCB9-89CA-4E33-969C-4FBE223E5530}.Debug|Any CPU.ActiveCfg = Debug|Any CPU
		{7117BCB9-89CA-4E33-969C-4FBE223E5530}.Debug|Any CPU.Build.0 = Debug|Any CPU
		{7117BCB9-89CA-4E33-969C-4FBE223E5530}.Release|Any CPU.ActiveCfg = Release|Any CPU
		{7117BCB9-89CA-4E33-969C-4FBE223E5530}.Release|Any CPU.Build.0 = Release|Any CPU
	EndGlobalSection
	GlobalSection(NestedProjects) = preSolution
		{7117BCB9-89CA-4E33-969C-4FBE223E5530} = {27F08B91-6F08-4DA2-AD81-3C1096D27BB2}
	EndGlobalSection
EndGlobal
